
Microsoft Visual Studio Solution File, Format Version 12.00
# Visual Studio Version 16
VisualStudioVersion = 16.0.31019.35
MinimumVisualStudioVersion = 10.0.40219.1
Project("{9A19103F-16F7-4668-BE54-9A1E7A4F7556}") = "JCP.Ordering.API", "Services\JCP.Ordering.API\JCP.Ordering.API.csproj", "{E3119A8D-9085-4662-85DF-624C1CBEC5AC}"
EndProject
Project("{2150E333-8FDC-42A3-9474-1A3956D46DE8}") = "SolutionsItems", "SolutionsItems", "{DD1174D7-ADFE-4A75-B722-C1725772815F}"
	ProjectSection(SolutionItems) = preProject
		.dockerignore = .dockerignore
		..\Dockerfile = ..\Dockerfile
		..\.github\workflows\dotnet.yml = ..\.github\workflows\dotnet.yml
	EndProjectSection
EndProject
Project("{2150E333-8FDC-42A3-9474-1A3956D46DE8}") = "Tests", "Tests", "{3DA98E2A-B317-4F25-B317-5EBDD33F8C5B}"
EndProject
Project("{FAE04EC0-301F-11D3-BF4B-00C04F79EFBC}") = "JCP.Ordering.API.Tests", "Tests\JCP.Ordering.API.Tests\JCP.Ordering.API.Tests\JCP.Ordering.API.Tests.csproj", "{1F6D0041-AE39-4E35-8FB9-FDD1D956EDAE}"
EndProject
Global
	GlobalSection(SolutionConfigurationPlatforms) = preSolution
		Debug|Any CPU = Debug|Any CPU
		Release|Any CPU = Release|Any CPU
	EndGlobalSection
	GlobalSection(ProjectConfigurationPlatforms) = postSolution
		{E3119A8D-9085-4662-85DF-624C1CBEC5AC}.Debug|Any CPU.ActiveCfg = Debug|Any CPU
		{E3119A8D-9085-4662-85DF-624C1CBEC5AC}.Debug|Any CPU.Build.0 = Debug|Any CPU
		{E3119A8D-9085-4662-85DF-624C1CBEC5AC}.Release|Any CPU.ActiveCfg = Release|Any CPU
		{E3119A8D-9085-4662-85DF-624C1CBEC5AC}.Release|Any CPU.Build.0 = Release|Any CPU
		{1F6D0041-AE39-4E35-8FB9-FDD1D956EDAE}.Debug|Any CPU.ActiveCfg = Debug|Any CPU
		{1F6D0041-AE39-4E35-8FB9-FDD1D956EDAE}.Debug|Any CPU.Build.0 = Debug|Any CPU
		{1F6D0041-AE39-4E35-8FB9-FDD1D956EDAE}.Release|Any CPU.ActiveCfg = Release|Any CPU
		{1F6D0041-AE39-4E35-8FB9-FDD1D956EDAE}.Release|Any CPU.Build.0 = Release|Any CPU
	EndGlobalSection
	GlobalSection(SolutionProperties) = preSolution
		HideSolutionNode = FALSE
	EndGlobalSection
	GlobalSection(NestedProjects) = preSolution
		{1F6D0041-AE39-4E35-8FB9-FDD1D956EDAE} = {3DA98E2A-B317-4F25-B317-5EBDD33F8C5B}
	EndGlobalSection
	GlobalSection(ExtensibilityGlobals) = postSolution
		SolutionGuid = {7002BA4D-6AD1-4D80-8549-94CE5A5272F2}
	EndGlobalSection
EndGlobal
