
Microsoft Visual Studio Solution File, Format Version 12.00
# Visual Studio Version 16
VisualStudioVersion = 16.0.31019.35
MinimumVisualStudioVersion = 10.0.40219.1
Project("{2150E333-8FDC-42A3-9474-1A3956D46DE8}") = "SolutionsItems", "SolutionsItems", "{DD1174D7-ADFE-4A75-B722-C1725772815F}"
	ProjectSection(SolutionItems) = preProject
		..\docker-compose.yml = ..\docker-compose.yml
		..\.github\workflows\dotnet.yml = ..\.github\workflows\dotnet.yml
	EndProjectSection
EndProject
Project("{2150E333-8FDC-42A3-9474-1A3956D46DE8}") = "Tests", "Tests", "{3DA98E2A-B317-4F25-B317-5EBDD33F8C5B}"
EndProject
Project("{2150E333-8FDC-42A3-9474-1A3956D46DE8}") = "Ordering", "Ordering", "{F62B2599-5E2D-49DF-BA3B-F401148B4F35}"
EndProject
Project("{2150E333-8FDC-42A3-9474-1A3956D46DE8}") = "Services", "Services", "{26A5DE56-73CB-409A-8C88-D99722F0D95B}"
EndProject
Project("{2150E333-8FDC-42A3-9474-1A3956D46DE8}") = "Services", "Services", "{E61D7019-0D53-4C28-B79A-A4B9DFCFD20D}"
EndProject
Project("{2150E333-8FDC-42A3-9474-1A3956D46DE8}") = "Ordering", "Ordering", "{A6D441CF-4089-49FE-BA26-AEEB43777295}"
EndProject
Project("{9A19103F-16F7-4668-BE54-9A1E7A4F7556}") = "JCP.Ordering.API", "Services\Ordering\JCP.Ordering.API\JCP.Ordering.API.csproj", "{36B3AF04-A9F7-49F0-9EEF-257DC9D0011A}"
EndProject
Project("{9A19103F-16F7-4668-BE54-9A1E7A4F7556}") = "JCP.Ordering.API.Tests", "Tests\Services\Ordering\JCP.Ordering.API.Tests\JCP.Ordering.API.Tests.csproj", "{2CCBC87F-4888-4B0B-9387-78B7B1502A5D}"
EndProject
Project("{9A19103F-16F7-4668-BE54-9A1E7A4F7556}") = "JCP.Catalog.API", "Services\Catalog\JCP.Catalog.API\JCP.Catalog.API.csproj", "{F25A4275-FC49-4ABF-8295-3A842F95BF0B}"
EndProject
Project("{2150E333-8FDC-42A3-9474-1A3956D46DE8}") = "Catalog", "Catalog", "{22C5C7D2-058F-4AE5-854F-5B63FF7E2F78}"
EndProject
Project("{2150E333-8FDC-42A3-9474-1A3956D46DE8}") = "Catalog", "Catalog", "{84A3B5EA-D2E9-4F37-8D98-D1ECD50E1DBA}"
EndProject
Project("{9A19103F-16F7-4668-BE54-9A1E7A4F7556}") = "JCP.Catalog.API.Test", "Tests\Services\Catalog\JCP.Catalog.API.Test\JCP.Catalog.API.Test.csproj", "{CA99A480-BA0F-4D77-97CC-99FC1EFD4117}"
EndProject
Project("{2150E333-8FDC-42A3-9474-1A3956D46DE8}") = "BuildingBlocks", "BuildingBlocks", "{8A27111F-4113-4C6D-B1B9-0D519CA6C435}"
EndProject
Project("{FAE04EC0-301F-11D3-BF4B-00C04F79EFBC}") = "JCP.Logger", "BuildingBlocks\JCP.Logger\JCP.Logger\JCP.Logger.csproj", "{0B6EAFAB-B881-446A-A6E2-E5FEDD259BF5}"
EndProject
Global
	GlobalSection(SolutionConfigurationPlatforms) = preSolution
		Debug|Any CPU = Debug|Any CPU
		Release|Any CPU = Release|Any CPU
	EndGlobalSection
	GlobalSection(ProjectConfigurationPlatforms) = postSolution
		{36B3AF04-A9F7-49F0-9EEF-257DC9D0011A}.Debug|Any CPU.ActiveCfg = Debug|Any CPU
		{36B3AF04-A9F7-49F0-9EEF-257DC9D0011A}.Debug|Any CPU.Build.0 = Debug|Any CPU
		{36B3AF04-A9F7-49F0-9EEF-257DC9D0011A}.Release|Any CPU.ActiveCfg = Release|Any CPU
		{36B3AF04-A9F7-49F0-9EEF-257DC9D0011A}.Release|Any CPU.Build.0 = Release|Any CPU
		{2CCBC87F-4888-4B0B-9387-78B7B1502A5D}.Debug|Any CPU.ActiveCfg = Debug|Any CPU
		{2CCBC87F-4888-4B0B-9387-78B7B1502A5D}.Debug|Any CPU.Build.0 = Debug|Any CPU
		{2CCBC87F-4888-4B0B-9387-78B7B1502A5D}.Release|Any CPU.ActiveCfg = Release|Any CPU
		{2CCBC87F-4888-4B0B-9387-78B7B1502A5D}.Release|Any CPU.Build.0 = Release|Any CPU
		{F25A4275-FC49-4ABF-8295-3A842F95BF0B}.Debug|Any CPU.ActiveCfg = Debug|Any CPU
		{F25A4275-FC49-4ABF-8295-3A842F95BF0B}.Debug|Any CPU.Build.0 = Debug|Any CPU
		{F25A4275-FC49-4ABF-8295-3A842F95BF0B}.Release|Any CPU.ActiveCfg = Release|Any CPU
		{F25A4275-FC49-4ABF-8295-3A842F95BF0B}.Release|Any CPU.Build.0 = Release|Any CPU
		{CA99A480-BA0F-4D77-97CC-99FC1EFD4117}.Debug|Any CPU.ActiveCfg = Debug|Any CPU
		{CA99A480-BA0F-4D77-97CC-99FC1EFD4117}.Debug|Any CPU.Build.0 = Debug|Any CPU
		{CA99A480-BA0F-4D77-97CC-99FC1EFD4117}.Release|Any CPU.ActiveCfg = Release|Any CPU
		{CA99A480-BA0F-4D77-97CC-99FC1EFD4117}.Release|Any CPU.Build.0 = Release|Any CPU
		{0B6EAFAB-B881-446A-A6E2-E5FEDD259BF5}.Debug|Any CPU.ActiveCfg = Debug|Any CPU
		{0B6EAFAB-B881-446A-A6E2-E5FEDD259BF5}.Debug|Any CPU.Build.0 = Debug|Any CPU
		{0B6EAFAB-B881-446A-A6E2-E5FEDD259BF5}.Release|Any CPU.ActiveCfg = Release|Any CPU
		{0B6EAFAB-B881-446A-A6E2-E5FEDD259BF5}.Release|Any CPU.Build.0 = Release|Any CPU
	EndGlobalSection
	GlobalSection(SolutionProperties) = preSolution
		HideSolutionNode = FALSE
	EndGlobalSection
	GlobalSection(NestedProjects) = preSolution
		{F62B2599-5E2D-49DF-BA3B-F401148B4F35} = {26A5DE56-73CB-409A-8C88-D99722F0D95B}
		{E61D7019-0D53-4C28-B79A-A4B9DFCFD20D} = {3DA98E2A-B317-4F25-B317-5EBDD33F8C5B}
		{A6D441CF-4089-49FE-BA26-AEEB43777295} = {E61D7019-0D53-4C28-B79A-A4B9DFCFD20D}
		{36B3AF04-A9F7-49F0-9EEF-257DC9D0011A} = {F62B2599-5E2D-49DF-BA3B-F401148B4F35}
		{2CCBC87F-4888-4B0B-9387-78B7B1502A5D} = {A6D441CF-4089-49FE-BA26-AEEB43777295}
		{F25A4275-FC49-4ABF-8295-3A842F95BF0B} = {22C5C7D2-058F-4AE5-854F-5B63FF7E2F78}
		{22C5C7D2-058F-4AE5-854F-5B63FF7E2F78} = {26A5DE56-73CB-409A-8C88-D99722F0D95B}
		{84A3B5EA-D2E9-4F37-8D98-D1ECD50E1DBA} = {E61D7019-0D53-4C28-B79A-A4B9DFCFD20D}
		{CA99A480-BA0F-4D77-97CC-99FC1EFD4117} = {84A3B5EA-D2E9-4F37-8D98-D1ECD50E1DBA}
		{0B6EAFAB-B881-446A-A6E2-E5FEDD259BF5} = {8A27111F-4113-4C6D-B1B9-0D519CA6C435}
	EndGlobalSection
	GlobalSection(ExtensibilityGlobals) = postSolution
		SolutionGuid = {7002BA4D-6AD1-4D80-8549-94CE5A5272F2}
	EndGlobalSection
EndGlobal
