
Microsoft Visual Studio Solution File, Format Version 12.00
# Visual Studio Version 16
VisualStudioVersion = 16.0.31019.35
MinimumVisualStudioVersion = 10.0.40219.1
Project("{2150E333-8FDC-42A3-9474-1A3956D46DE8}") = "src", "src", "{60BDA582-A73D-47AA-9EFB-A1F7E2E750F6}"
EndProject
Project("{2150E333-8FDC-42A3-9474-1A3956D46DE8}") = "BuildingBlocks", "BuildingBlocks", "{8A27111F-4113-4C6D-B1B9-0D519CA6C435}"
EndProject
Project("{2150E333-8FDC-42A3-9474-1A3956D46DE8}") = "Logger", "Logger", "{1A9F3175-878E-4E1E-9924-F6DCDC994403}"
EndProject
Project("{2150E333-8FDC-42A3-9474-1A3956D46DE8}") = "Services", "Services", "{4C331AC0-E9A1-43BA-B198-FA657C6CCB16}"
EndProject
Project("{2150E333-8FDC-42A3-9474-1A3956D46DE8}") = "Catalog", "Catalog", "{92AF550B-2F7D-4183-9A38-A420E03E2348}"
EndProject
Project("{9A19103F-16F7-4668-BE54-9A1E7A4F7556}") = "JCP.Catalog.API", "Services\Catalog\JCP.Catalog.API\JCP.Catalog.API.csproj", "{26D67854-D73B-4967-B909-805537F0EAD3}"
EndProject
Project("{9A19103F-16F7-4668-BE54-9A1E7A4F7556}") = "JCP.Catalog.Domain", "Services\Catalog\JCP.Catalog.Domain\JCP.Catalog.Domain.csproj", "{7957921F-1104-4AA5-9C60-C98A54D48B7D}"
EndProject
Project("{9A19103F-16F7-4668-BE54-9A1E7A4F7556}") = "JCP.Catalog.Infrastructure", "Services\Catalog\JCP.Catalog.Infrastructure\JCP.Catalog.Infrastructure.csproj", "{FEFCC29C-E070-4239-84BA-DCEA17119686}"
EndProject
Project("{2150E333-8FDC-42A3-9474-1A3956D46DE8}") = "tests", "tests", "{20268EA4-5DAE-4142-B76B-E09DFE4193B3}"
EndProject
Project("{9A19103F-16F7-4668-BE54-9A1E7A4F7556}") = "JCP.Catalog.UnitTests", "Services\Catalog\JCP.Catalog.UnitTests\JCP.Catalog.UnitTests.csproj", "{23A34841-F6B4-4C40-AA83-5CF7923C9C08}"
EndProject
Project("{2150E333-8FDC-42A3-9474-1A3956D46DE8}") = "Ordering", "Ordering", "{C247403F-5971-415A-ABD4-4F0B5F017160}"
EndProject
Project("{9A19103F-16F7-4668-BE54-9A1E7A4F7556}") = "JCP.Ordering.API", "Services\Ordering\JCP.Ordering.API\JCP.Ordering.API.csproj", "{E17ED908-921B-4C52-8339-BC9258A76038}"
EndProject
Project("{2150E333-8FDC-42A3-9474-1A3956D46DE8}") = "tests", "tests", "{685EEED7-36D8-4C9E-A49E-473A26201345}"
EndProject
Project("{9A19103F-16F7-4668-BE54-9A1E7A4F7556}") = "JCP.Ordering.UnitTests", "Services\Ordering\JCP.Ordering.UnitTests\JCP.Ordering.UnitTests.csproj", "{36E14535-6D6A-4C11-B97C-23964651F25B}"
EndProject
Project("{9A19103F-16F7-4668-BE54-9A1E7A4F7556}") = "JCP.Logger", "BuildingBlocks\Logger\JCP.Logger\JCP.Logger.csproj", "{4A7DD64C-A9D2-44F4-A353-8E424FF71C00}"
EndProject
Project("{E53339B2-1760-4266-BCC7-CA923CBCF16C}") = "docker-compose", "docker-compose.dcproj", "{8CA1D0DD-6ADE-4E1E-93DC-20D1008FEEF6}"
EndProject
Global
	GlobalSection(SolutionConfigurationPlatforms) = preSolution
		Debug|Any CPU = Debug|Any CPU
		Release|Any CPU = Release|Any CPU
	EndGlobalSection
	GlobalSection(ProjectConfigurationPlatforms) = postSolution
		{26D67854-D73B-4967-B909-805537F0EAD3}.Debug|Any CPU.ActiveCfg = Debug|Any CPU
		{26D67854-D73B-4967-B909-805537F0EAD3}.Debug|Any CPU.Build.0 = Debug|Any CPU
		{26D67854-D73B-4967-B909-805537F0EAD3}.Release|Any CPU.ActiveCfg = Release|Any CPU
		{26D67854-D73B-4967-B909-805537F0EAD3}.Release|Any CPU.Build.0 = Release|Any CPU
		{7957921F-1104-4AA5-9C60-C98A54D48B7D}.Debug|Any CPU.ActiveCfg = Debug|Any CPU
		{7957921F-1104-4AA5-9C60-C98A54D48B7D}.Debug|Any CPU.Build.0 = Debug|Any CPU
		{7957921F-1104-4AA5-9C60-C98A54D48B7D}.Release|Any CPU.ActiveCfg = Release|Any CPU
		{7957921F-1104-4AA5-9C60-C98A54D48B7D}.Release|Any CPU.Build.0 = Release|Any CPU
		{FEFCC29C-E070-4239-84BA-DCEA17119686}.Debug|Any CPU.ActiveCfg = Debug|Any CPU
		{FEFCC29C-E070-4239-84BA-DCEA17119686}.Debug|Any CPU.Build.0 = Debug|Any CPU
		{FEFCC29C-E070-4239-84BA-DCEA17119686}.Release|Any CPU.ActiveCfg = Release|Any CPU
		{FEFCC29C-E070-4239-84BA-DCEA17119686}.Release|Any CPU.Build.0 = Release|Any CPU
		{23A34841-F6B4-4C40-AA83-5CF7923C9C08}.Debug|Any CPU.ActiveCfg = Debug|Any CPU
		{23A34841-F6B4-4C40-AA83-5CF7923C9C08}.Debug|Any CPU.Build.0 = Debug|Any CPU
		{23A34841-F6B4-4C40-AA83-5CF7923C9C08}.Release|Any CPU.ActiveCfg = Release|Any CPU
		{23A34841-F6B4-4C40-AA83-5CF7923C9C08}.Release|Any CPU.Build.0 = Release|Any CPU
		{E17ED908-921B-4C52-8339-BC9258A76038}.Debug|Any CPU.ActiveCfg = Debug|Any CPU
		{E17ED908-921B-4C52-8339-BC9258A76038}.Debug|Any CPU.Build.0 = Debug|Any CPU
		{E17ED908-921B-4C52-8339-BC9258A76038}.Release|Any CPU.ActiveCfg = Release|Any CPU
		{E17ED908-921B-4C52-8339-BC9258A76038}.Release|Any CPU.Build.0 = Release|Any CPU
		{36E14535-6D6A-4C11-B97C-23964651F25B}.Debug|Any CPU.ActiveCfg = Debug|Any CPU
		{36E14535-6D6A-4C11-B97C-23964651F25B}.Debug|Any CPU.Build.0 = Debug|Any CPU
		{36E14535-6D6A-4C11-B97C-23964651F25B}.Release|Any CPU.ActiveCfg = Release|Any CPU
		{36E14535-6D6A-4C11-B97C-23964651F25B}.Release|Any CPU.Build.0 = Release|Any CPU
		{4A7DD64C-A9D2-44F4-A353-8E424FF71C00}.Debug|Any CPU.ActiveCfg = Debug|Any CPU
		{4A7DD64C-A9D2-44F4-A353-8E424FF71C00}.Debug|Any CPU.Build.0 = Debug|Any CPU
		{4A7DD64C-A9D2-44F4-A353-8E424FF71C00}.Release|Any CPU.ActiveCfg = Release|Any CPU
		{4A7DD64C-A9D2-44F4-A353-8E424FF71C00}.Release|Any CPU.Build.0 = Release|Any CPU
		{8CA1D0DD-6ADE-4E1E-93DC-20D1008FEEF6}.Debug|Any CPU.ActiveCfg = Debug|Any CPU
		{8CA1D0DD-6ADE-4E1E-93DC-20D1008FEEF6}.Debug|Any CPU.Build.0 = Debug|Any CPU
		{8CA1D0DD-6ADE-4E1E-93DC-20D1008FEEF6}.Release|Any CPU.ActiveCfg = Release|Any CPU
		{8CA1D0DD-6ADE-4E1E-93DC-20D1008FEEF6}.Release|Any CPU.Build.0 = Release|Any CPU
	EndGlobalSection
	GlobalSection(SolutionProperties) = preSolution
		HideSolutionNode = FALSE
	EndGlobalSection
	GlobalSection(NestedProjects) = preSolution
		{8A27111F-4113-4C6D-B1B9-0D519CA6C435} = {60BDA582-A73D-47AA-9EFB-A1F7E2E750F6}
		{1A9F3175-878E-4E1E-9924-F6DCDC994403} = {8A27111F-4113-4C6D-B1B9-0D519CA6C435}
		{4C331AC0-E9A1-43BA-B198-FA657C6CCB16} = {60BDA582-A73D-47AA-9EFB-A1F7E2E750F6}
		{92AF550B-2F7D-4183-9A38-A420E03E2348} = {4C331AC0-E9A1-43BA-B198-FA657C6CCB16}
		{26D67854-D73B-4967-B909-805537F0EAD3} = {92AF550B-2F7D-4183-9A38-A420E03E2348}
		{7957921F-1104-4AA5-9C60-C98A54D48B7D} = {92AF550B-2F7D-4183-9A38-A420E03E2348}
		{FEFCC29C-E070-4239-84BA-DCEA17119686} = {92AF550B-2F7D-4183-9A38-A420E03E2348}
		{20268EA4-5DAE-4142-B76B-E09DFE4193B3} = {92AF550B-2F7D-4183-9A38-A420E03E2348}
		{23A34841-F6B4-4C40-AA83-5CF7923C9C08} = {20268EA4-5DAE-4142-B76B-E09DFE4193B3}
		{C247403F-5971-415A-ABD4-4F0B5F017160} = {4C331AC0-E9A1-43BA-B198-FA657C6CCB16}
		{E17ED908-921B-4C52-8339-BC9258A76038} = {C247403F-5971-415A-ABD4-4F0B5F017160}
		{685EEED7-36D8-4C9E-A49E-473A26201345} = {C247403F-5971-415A-ABD4-4F0B5F017160}
		{36E14535-6D6A-4C11-B97C-23964651F25B} = {685EEED7-36D8-4C9E-A49E-473A26201345}
		{4A7DD64C-A9D2-44F4-A353-8E424FF71C00} = {1A9F3175-878E-4E1E-9924-F6DCDC994403}
	EndGlobalSection
	GlobalSection(ExtensibilityGlobals) = postSolution
		SolutionGuid = {7002BA4D-6AD1-4D80-8549-94CE5A5272F2}
	EndGlobalSection
EndGlobal
