
Microsoft Visual Studio Solution File, Format Version 12.00
# Visual Studio Version 16
VisualStudioVersion = 16.0.31019.35
MinimumVisualStudioVersion = 10.0.40219.1
Project("{2150E333-8FDC-42A3-9474-1A3956D46DE8}") = "src", "src", "{60BDA582-A73D-47AA-9EFB-A1F7E2E750F6}"
EndProject
Project("{2150E333-8FDC-42A3-9474-1A3956D46DE8}") = "BuildingBlocks", "BuildingBlocks", "{8A27111F-4113-4C6D-B1B9-0D519CA6C435}"
EndProject
Project("{2150E333-8FDC-42A3-9474-1A3956D46DE8}") = "Logger", "Logger", "{1A9F3175-878E-4E1E-9924-F6DCDC994403}"
EndProject
Project("{2150E333-8FDC-42A3-9474-1A3956D46DE8}") = "Services", "Services", "{4C331AC0-E9A1-43BA-B198-FA657C6CCB16}"
EndProject
Project("{2150E333-8FDC-42A3-9474-1A3956D46DE8}") = "Catalog", "Catalog", "{92AF550B-2F7D-4183-9A38-A420E03E2348}"
EndProject
Project("{2150E333-8FDC-42A3-9474-1A3956D46DE8}") = "Ordering", "Ordering", "{C247403F-5971-415A-ABD4-4F0B5F017160}"
EndProject
Project("{9A19103F-16F7-4668-BE54-9A1E7A4F7556}") = "JCP.Logger", "BuildingBlocks\Logger\JCP.Logger\JCP.Logger.csproj", "{4A7DD64C-A9D2-44F4-A353-8E424FF71C00}"
EndProject
Project("{E53339B2-1760-4266-BCC7-CA923CBCF16C}") = "docker-compose", "docker-compose.dcproj", "{8CA1D0DD-6ADE-4E1E-93DC-20D1008FEEF6}"
EndProject
Project("{2150E333-8FDC-42A3-9474-1A3956D46DE8}") = "Presentation", "Presentation", "{C4FA247C-A3E4-422F-8447-E80194BFDCA5}"
EndProject
Project("{2150E333-8FDC-42A3-9474-1A3956D46DE8}") = "Infrastructure", "Infrastructure", "{3FC90CAD-8665-4C1D-9769-E3F523C76016}"
EndProject
Project("{2150E333-8FDC-42A3-9474-1A3956D46DE8}") = "Core", "Core", "{F1228D43-2461-4DA7-A6B9-E245B7EFC2C5}"
EndProject
Project("{9A19103F-16F7-4668-BE54-9A1E7A4F7556}") = "JCP.Catalog.Domain", "Services\Catalog\Core\JCP.Catalog.Domain\JCP.Catalog.Domain.csproj", "{A354E210-4792-4C7A-AE6B-65F7DE82B8F8}"
EndProject
Project("{9A19103F-16F7-4668-BE54-9A1E7A4F7556}") = "JCP.Catalog.Infrastructure", "Services\Catalog\Infrastructure\JCP.Catalog.Infrastructure\JCP.Catalog.Infrastructure.csproj", "{9A48E66C-7BA2-499C-8EF9-CD42D20EF9BF}"
EndProject
Project("{9A19103F-16F7-4668-BE54-9A1E7A4F7556}") = "JCP.Catalog.API", "Services\Catalog\Presentation\JCP.Catalog.API\JCP.Catalog.API.csproj", "{56E4A7F0-890E-4E36-A9DD-4008369C90B0}"
EndProject
Project("{9A19103F-16F7-4668-BE54-9A1E7A4F7556}") = "JCP.Catalog.Application", "Services\Catalog\Core\JCP.Catalog.Application\JCP.Catalog.Application.csproj", "{D3FAB45F-721E-4EC3-A55B-1A1A7562445E}"
EndProject
Project("{2150E333-8FDC-42A3-9474-1A3956D46DE8}") = "Tests", "Tests", "{CF39360E-7D21-4B76-BEBC-247D1F5D9822}"
EndProject
Project("{9A19103F-16F7-4668-BE54-9A1E7A4F7556}") = "JCP.Catalog.UnitTests", "Services\Catalog\Tests\JCP.Catalog.UnitTests\JCP.Catalog.UnitTests.csproj", "{0D8A53BE-594C-4F4C-B8E7-7EC813C4DF1D}"
EndProject
Project("{2150E333-8FDC-42A3-9474-1A3956D46DE8}") = "Presentation", "Presentation", "{5FE4BDCB-5CE2-41B4-957A-60C66CB8A03D}"
EndProject
Project("{9A19103F-16F7-4668-BE54-9A1E7A4F7556}") = "JCP.Ordering.API", "Services\Ordering\Presentation\JCP.Ordering.API\JCP.Ordering.API.csproj", "{069EE9FF-618C-45BB-A6D7-53283DF28699}"
EndProject
Project("{2150E333-8FDC-42A3-9474-1A3956D46DE8}") = "Tests", "Tests", "{40270694-12C9-4065-8511-FB89612638AB}"
EndProject
Project("{9A19103F-16F7-4668-BE54-9A1E7A4F7556}") = "JCP.Ordering.UnitTests", "Services\Ordering\Tests\JCP.Ordering.UnitTests\JCP.Ordering.UnitTests.csproj", "{B8FCEE79-7847-4628-9550-1EBAE8807D81}"
EndProject
Project("{2150E333-8FDC-42A3-9474-1A3956D46DE8}") = "Core", "Core", "{B3ED6BEF-8D70-4E95-A0CD-4658EA0B83B6}"
EndProject
Project("{9A19103F-16F7-4668-BE54-9A1E7A4F7556}") = "JCP.Ordering.Application", "Services\Ordering\Core\JCP.Ordering.Application\JCP.Ordering.Application.csproj", "{E721A9F6-0822-40C8-8865-5131868E8AA4}"
EndProject
Project("{9A19103F-16F7-4668-BE54-9A1E7A4F7556}") = "JCP.Catalog.Domain", "Services\Ordering\Core\JCP.Catalog.Domain\JCP.Catalog.Domain.csproj", "{564624FD-F8CC-473A-B5B2-3972463EBC52}"
EndProject
Project("{2150E333-8FDC-42A3-9474-1A3956D46DE8}") = "Infrastructure", "Infrastructure", "{234A240C-50EA-4B2A-888F-501571428AEC}"
EndProject
Project("{9A19103F-16F7-4668-BE54-9A1E7A4F7556}") = "JCP.Ordering.Infrastructure", "Services\Ordering\Infrastructure\JCP.Ordering.Infrastructure\JCP.Ordering.Infrastructure.csproj", "{8DA5A66F-20AF-4A5C-AFAD-2CB345C33714}"
EndProject
Project("{2150E333-8FDC-42A3-9474-1A3956D46DE8}") = "EventBus", "EventBus", "{5091E60B-C388-419A-ACF9-70B7C15F443F}"
EndProject
Project("{FAE04EC0-301F-11D3-BF4B-00C04F79EFBC}") = "EventBusRabbitMQ", "BuildingBlocks\EventBus\EventBusRabbitMQ\EventBusRabbitMQ.csproj", "{CD7C4B08-20D2-487D-BEC8-BFCA6339FE74}"
EndProject
Project("{FAE04EC0-301F-11D3-BF4B-00C04F79EFBC}") = "EventBus", "BuildingBlocks\EventBus\EventBus\EventBus\EventBus.csproj", "{2B17AD90-A138-4E32-AA56-60F35C80BDE5}"
EndProject
Global
	GlobalSection(SolutionConfigurationPlatforms) = preSolution
		Debug|Any CPU = Debug|Any CPU
		Release|Any CPU = Release|Any CPU
	EndGlobalSection
	GlobalSection(ProjectConfigurationPlatforms) = postSolution
		{4A7DD64C-A9D2-44F4-A353-8E424FF71C00}.Debug|Any CPU.ActiveCfg = Debug|Any CPU
		{4A7DD64C-A9D2-44F4-A353-8E424FF71C00}.Debug|Any CPU.Build.0 = Debug|Any CPU
		{4A7DD64C-A9D2-44F4-A353-8E424FF71C00}.Release|Any CPU.ActiveCfg = Release|Any CPU
		{4A7DD64C-A9D2-44F4-A353-8E424FF71C00}.Release|Any CPU.Build.0 = Release|Any CPU
		{8CA1D0DD-6ADE-4E1E-93DC-20D1008FEEF6}.Debug|Any CPU.ActiveCfg = Debug|Any CPU
		{8CA1D0DD-6ADE-4E1E-93DC-20D1008FEEF6}.Debug|Any CPU.Build.0 = Debug|Any CPU
		{8CA1D0DD-6ADE-4E1E-93DC-20D1008FEEF6}.Release|Any CPU.ActiveCfg = Release|Any CPU
		{8CA1D0DD-6ADE-4E1E-93DC-20D1008FEEF6}.Release|Any CPU.Build.0 = Release|Any CPU
		{A354E210-4792-4C7A-AE6B-65F7DE82B8F8}.Debug|Any CPU.ActiveCfg = Debug|Any CPU
		{A354E210-4792-4C7A-AE6B-65F7DE82B8F8}.Debug|Any CPU.Build.0 = Debug|Any CPU
		{A354E210-4792-4C7A-AE6B-65F7DE82B8F8}.Release|Any CPU.ActiveCfg = Release|Any CPU
		{A354E210-4792-4C7A-AE6B-65F7DE82B8F8}.Release|Any CPU.Build.0 = Release|Any CPU
		{9A48E66C-7BA2-499C-8EF9-CD42D20EF9BF}.Debug|Any CPU.ActiveCfg = Debug|Any CPU
		{9A48E66C-7BA2-499C-8EF9-CD42D20EF9BF}.Debug|Any CPU.Build.0 = Debug|Any CPU
		{9A48E66C-7BA2-499C-8EF9-CD42D20EF9BF}.Release|Any CPU.ActiveCfg = Release|Any CPU
		{9A48E66C-7BA2-499C-8EF9-CD42D20EF9BF}.Release|Any CPU.Build.0 = Release|Any CPU
		{56E4A7F0-890E-4E36-A9DD-4008369C90B0}.Debug|Any CPU.ActiveCfg = Debug|Any CPU
		{56E4A7F0-890E-4E36-A9DD-4008369C90B0}.Debug|Any CPU.Build.0 = Debug|Any CPU
		{56E4A7F0-890E-4E36-A9DD-4008369C90B0}.Release|Any CPU.ActiveCfg = Release|Any CPU
		{56E4A7F0-890E-4E36-A9DD-4008369C90B0}.Release|Any CPU.Build.0 = Release|Any CPU
		{D3FAB45F-721E-4EC3-A55B-1A1A7562445E}.Debug|Any CPU.ActiveCfg = Debug|Any CPU
		{D3FAB45F-721E-4EC3-A55B-1A1A7562445E}.Debug|Any CPU.Build.0 = Debug|Any CPU
		{D3FAB45F-721E-4EC3-A55B-1A1A7562445E}.Release|Any CPU.ActiveCfg = Release|Any CPU
		{D3FAB45F-721E-4EC3-A55B-1A1A7562445E}.Release|Any CPU.Build.0 = Release|Any CPU
		{0D8A53BE-594C-4F4C-B8E7-7EC813C4DF1D}.Debug|Any CPU.ActiveCfg = Debug|Any CPU
		{0D8A53BE-594C-4F4C-B8E7-7EC813C4DF1D}.Debug|Any CPU.Build.0 = Debug|Any CPU
		{0D8A53BE-594C-4F4C-B8E7-7EC813C4DF1D}.Release|Any CPU.ActiveCfg = Release|Any CPU
		{0D8A53BE-594C-4F4C-B8E7-7EC813C4DF1D}.Release|Any CPU.Build.0 = Release|Any CPU
		{069EE9FF-618C-45BB-A6D7-53283DF28699}.Debug|Any CPU.ActiveCfg = Debug|Any CPU
		{069EE9FF-618C-45BB-A6D7-53283DF28699}.Debug|Any CPU.Build.0 = Debug|Any CPU
		{069EE9FF-618C-45BB-A6D7-53283DF28699}.Release|Any CPU.ActiveCfg = Release|Any CPU
		{069EE9FF-618C-45BB-A6D7-53283DF28699}.Release|Any CPU.Build.0 = Release|Any CPU
		{B8FCEE79-7847-4628-9550-1EBAE8807D81}.Debug|Any CPU.ActiveCfg = Debug|Any CPU
		{B8FCEE79-7847-4628-9550-1EBAE8807D81}.Debug|Any CPU.Build.0 = Debug|Any CPU
		{B8FCEE79-7847-4628-9550-1EBAE8807D81}.Release|Any CPU.ActiveCfg = Release|Any CPU
		{B8FCEE79-7847-4628-9550-1EBAE8807D81}.Release|Any CPU.Build.0 = Release|Any CPU
		{E721A9F6-0822-40C8-8865-5131868E8AA4}.Debug|Any CPU.ActiveCfg = Debug|Any CPU
		{E721A9F6-0822-40C8-8865-5131868E8AA4}.Debug|Any CPU.Build.0 = Debug|Any CPU
		{E721A9F6-0822-40C8-8865-5131868E8AA4}.Release|Any CPU.ActiveCfg = Release|Any CPU
		{E721A9F6-0822-40C8-8865-5131868E8AA4}.Release|Any CPU.Build.0 = Release|Any CPU
		{564624FD-F8CC-473A-B5B2-3972463EBC52}.Debug|Any CPU.ActiveCfg = Debug|Any CPU
		{564624FD-F8CC-473A-B5B2-3972463EBC52}.Debug|Any CPU.Build.0 = Debug|Any CPU
		{564624FD-F8CC-473A-B5B2-3972463EBC52}.Release|Any CPU.ActiveCfg = Release|Any CPU
		{564624FD-F8CC-473A-B5B2-3972463EBC52}.Release|Any CPU.Build.0 = Release|Any CPU
		{8DA5A66F-20AF-4A5C-AFAD-2CB345C33714}.Debug|Any CPU.ActiveCfg = Debug|Any CPU
		{8DA5A66F-20AF-4A5C-AFAD-2CB345C33714}.Debug|Any CPU.Build.0 = Debug|Any CPU
		{8DA5A66F-20AF-4A5C-AFAD-2CB345C33714}.Release|Any CPU.ActiveCfg = Release|Any CPU
		{8DA5A66F-20AF-4A5C-AFAD-2CB345C33714}.Release|Any CPU.Build.0 = Release|Any CPU
		{CD7C4B08-20D2-487D-BEC8-BFCA6339FE74}.Debug|Any CPU.ActiveCfg = Debug|Any CPU
		{CD7C4B08-20D2-487D-BEC8-BFCA6339FE74}.Debug|Any CPU.Build.0 = Debug|Any CPU
		{CD7C4B08-20D2-487D-BEC8-BFCA6339FE74}.Release|Any CPU.ActiveCfg = Release|Any CPU
		{CD7C4B08-20D2-487D-BEC8-BFCA6339FE74}.Release|Any CPU.Build.0 = Release|Any CPU
		{2B17AD90-A138-4E32-AA56-60F35C80BDE5}.Debug|Any CPU.ActiveCfg = Debug|Any CPU
		{2B17AD90-A138-4E32-AA56-60F35C80BDE5}.Debug|Any CPU.Build.0 = Debug|Any CPU
		{2B17AD90-A138-4E32-AA56-60F35C80BDE5}.Release|Any CPU.ActiveCfg = Release|Any CPU
		{2B17AD90-A138-4E32-AA56-60F35C80BDE5}.Release|Any CPU.Build.0 = Release|Any CPU
	EndGlobalSection
	GlobalSection(SolutionProperties) = preSolution
		HideSolutionNode = FALSE
	EndGlobalSection
	GlobalSection(NestedProjects) = preSolution
		{8A27111F-4113-4C6D-B1B9-0D519CA6C435} = {60BDA582-A73D-47AA-9EFB-A1F7E2E750F6}
		{1A9F3175-878E-4E1E-9924-F6DCDC994403} = {8A27111F-4113-4C6D-B1B9-0D519CA6C435}
		{4C331AC0-E9A1-43BA-B198-FA657C6CCB16} = {60BDA582-A73D-47AA-9EFB-A1F7E2E750F6}
		{92AF550B-2F7D-4183-9A38-A420E03E2348} = {4C331AC0-E9A1-43BA-B198-FA657C6CCB16}
		{C247403F-5971-415A-ABD4-4F0B5F017160} = {4C331AC0-E9A1-43BA-B198-FA657C6CCB16}
		{4A7DD64C-A9D2-44F4-A353-8E424FF71C00} = {1A9F3175-878E-4E1E-9924-F6DCDC994403}
		{C4FA247C-A3E4-422F-8447-E80194BFDCA5} = {92AF550B-2F7D-4183-9A38-A420E03E2348}
		{3FC90CAD-8665-4C1D-9769-E3F523C76016} = {92AF550B-2F7D-4183-9A38-A420E03E2348}
		{F1228D43-2461-4DA7-A6B9-E245B7EFC2C5} = {92AF550B-2F7D-4183-9A38-A420E03E2348}
		{A354E210-4792-4C7A-AE6B-65F7DE82B8F8} = {F1228D43-2461-4DA7-A6B9-E245B7EFC2C5}
		{9A48E66C-7BA2-499C-8EF9-CD42D20EF9BF} = {3FC90CAD-8665-4C1D-9769-E3F523C76016}
		{56E4A7F0-890E-4E36-A9DD-4008369C90B0} = {C4FA247C-A3E4-422F-8447-E80194BFDCA5}
		{D3FAB45F-721E-4EC3-A55B-1A1A7562445E} = {F1228D43-2461-4DA7-A6B9-E245B7EFC2C5}
		{CF39360E-7D21-4B76-BEBC-247D1F5D9822} = {92AF550B-2F7D-4183-9A38-A420E03E2348}
		{0D8A53BE-594C-4F4C-B8E7-7EC813C4DF1D} = {CF39360E-7D21-4B76-BEBC-247D1F5D9822}
		{5FE4BDCB-5CE2-41B4-957A-60C66CB8A03D} = {C247403F-5971-415A-ABD4-4F0B5F017160}
		{069EE9FF-618C-45BB-A6D7-53283DF28699} = {5FE4BDCB-5CE2-41B4-957A-60C66CB8A03D}
		{40270694-12C9-4065-8511-FB89612638AB} = {C247403F-5971-415A-ABD4-4F0B5F017160}
		{B8FCEE79-7847-4628-9550-1EBAE8807D81} = {40270694-12C9-4065-8511-FB89612638AB}
		{B3ED6BEF-8D70-4E95-A0CD-4658EA0B83B6} = {C247403F-5971-415A-ABD4-4F0B5F017160}
		{E721A9F6-0822-40C8-8865-5131868E8AA4} = {B3ED6BEF-8D70-4E95-A0CD-4658EA0B83B6}
		{564624FD-F8CC-473A-B5B2-3972463EBC52} = {B3ED6BEF-8D70-4E95-A0CD-4658EA0B83B6}
		{234A240C-50EA-4B2A-888F-501571428AEC} = {C247403F-5971-415A-ABD4-4F0B5F017160}
		{8DA5A66F-20AF-4A5C-AFAD-2CB345C33714} = {234A240C-50EA-4B2A-888F-501571428AEC}
		{5091E60B-C388-419A-ACF9-70B7C15F443F} = {8A27111F-4113-4C6D-B1B9-0D519CA6C435}
		{CD7C4B08-20D2-487D-BEC8-BFCA6339FE74} = {5091E60B-C388-419A-ACF9-70B7C15F443F}
		{2B17AD90-A138-4E32-AA56-60F35C80BDE5} = {5091E60B-C388-419A-ACF9-70B7C15F443F}
	EndGlobalSection
	GlobalSection(ExtensibilityGlobals) = postSolution
		SolutionGuid = {7002BA4D-6AD1-4D80-8549-94CE5A5272F2}
	EndGlobalSection
EndGlobal
